
Microsoft Visual Studio Solution File, Format Version 12.00
# Visual Studio Version 16
VisualStudioVersion = 16.0.31019.35
MinimumVisualStudioVersion = 10.0.40219.1
Project("{FAE04EC0-301F-11D3-BF4B-00C04F79EFBC}") = "HW14_DoubleLinkedList", "HW14_DoubleLinkedList\HW14_DoubleLinkedList.csproj", "{300A1BEF-B9DA-48CD-9284-55B8AE3A774F}"
EndProject
Global
	GlobalSection(SolutionConfigurationPlatforms) = preSolution
		Debug|Any CPU = Debug|Any CPU
		Release|Any CPU = Release|Any CPU
	EndGlobalSection
	GlobalSection(ProjectConfigurationPlatforms) = postSolution
		{300A1BEF-B9DA-48CD-9284-55B8AE3A774F}.Debug|Any CPU.ActiveCfg = Debug|Any CPU
		{300A1BEF-B9DA-48CD-9284-55B8AE3A774F}.Debug|Any CPU.Build.0 = Debug|Any CPU
		{300A1BEF-B9DA-48CD-9284-55B8AE3A774F}.Release|Any CPU.ActiveCfg = Release|Any CPU
		{300A1BEF-B9DA-48CD-9284-55B8AE3A774F}.Release|Any CPU.Build.0 = Release|Any CPU
	EndGlobalSection
	GlobalSection(SolutionProperties) = preSolution
		HideSolutionNode = FALSE
	EndGlobalSection
	GlobalSection(ExtensibilityGlobals) = postSolution
		SolutionGuid = {F872E28D-5635-4E43-9521-843C114EFC84}
	EndGlobalSection
EndGlobal
